// !$*UTF8*$!
{
	archiveVersion = 1;
	classes = {
	};
	objectVersion = 50;
	objects = {

/* Begin PBXBuildFile section */
		A3008016244CBE1C00B98F75 /* AppDelegate.swift in Sources */ = {isa = PBXBuildFile; fileRef = A3008015244CBE1C00B98F75 /* AppDelegate.swift */; };
		A3008018244CBE1C00B98F75 /* SceneDelegate.swift in Sources */ = {isa = PBXBuildFile; fileRef = A3008017244CBE1C00B98F75 /* SceneDelegate.swift */; };
		A300801A244CBE1C00B98F75 /* ViewController.swift in Sources */ = {isa = PBXBuildFile; fileRef = A3008019244CBE1C00B98F75 /* ViewController.swift */; };
		A300801D244CBE1C00B98F75 /* Main.storyboard in Resources */ = {isa = PBXBuildFile; fileRef = A300801B244CBE1C00B98F75 /* Main.storyboard */; };
		A3008020244CBE1C00B98F75 /* ActionsAndOutlets.xcdatamodeld in Sources */ = {isa = PBXBuildFile; fileRef = A300801E244CBE1C00B98F75 /* ActionsAndOutlets.xcdatamodeld */; };
		A3008022244CBE1E00B98F75 /* Assets.xcassets in Resources */ = {isa = PBXBuildFile; fileRef = A3008021244CBE1E00B98F75 /* Assets.xcassets */; };
		A3008025244CBE1E00B98F75 /* LaunchScreen.storyboard in Resources */ = {isa = PBXBuildFile; fileRef = A3008023244CBE1E00B98F75 /* LaunchScreen.storyboard */; };
/* End PBXBuildFile section */

/* Begin PBXFileReference section */
		A3008012244CBE1C00B98F75 /* ActionsAndOutlets.app */ = {isa = PBXFileReference; explicitFileType = wrapper.application; includeInIndex = 0; path = ActionsAndOutlets.app; sourceTree = BUILT_PRODUCTS_DIR; };
		A3008015244CBE1C00B98F75 /* AppDelegate.swift */ = {isa = PBXFileReference; lastKnownFileType = sourcecode.swift; path = AppDelegate.swift; sourceTree = "<group>"; };
		A3008017244CBE1C00B98F75 /* SceneDelegate.swift */ = {isa = PBXFileReference; lastKnownFileType = sourcecode.swift; path = SceneDelegate.swift; sourceTree = "<group>"; };
		A3008019244CBE1C00B98F75 /* ViewController.swift */ = {isa = PBXFileReference; lastKnownFileType = sourcecode.swift; path = ViewController.swift; sourceTree = "<group>"; };
		A300801C244CBE1C00B98F75 /* Base */ = {isa = PBXFileReference; lastKnownFileType = file.storyboard; name = Base; path = Base.lproj/Main.storyboard; sourceTree = "<group>"; };
		A300801F244CBE1C00B98F75 /* ActionsAndOutlets.xcdatamodel */ = {isa = PBXFileReference; lastKnownFileType = wrapper.xcdatamodel; path = ActionsAndOutlets.xcdatamodel; sourceTree = "<group>"; };
		A3008021244CBE1E00B98F75 /* Assets.xcassets */ = {isa = PBXFileReference; lastKnownFileType = folder.assetcatalog; path = Assets.xcassets; sourceTree = "<group>"; };
		A3008024244CBE1E00B98F75 /* Base */ = {isa = PBXFileReference; lastKnownFileType = file.storyboard; name = Base; path = Base.lproj/LaunchScreen.storyboard; sourceTree = "<group>"; };
		A3008026244CBE1E00B98F75 /* Info.plist */ = {isa = PBXFileReference; lastKnownFileType = text.plist.xml; path = Info.plist; sourceTree = "<group>"; };
/* End PBXFileReference section */

/* Begin PBXFrameworksBuildPhase section */
		A300800F244CBE1C00B98F75 /* Frameworks */ = {
			isa = PBXFrameworksBuildPhase;
			buildActionMask = 2147483647;
			files = (
			);
			runOnlyForDeploymentPostprocessing = 0;
		};
/* End PBXFrameworksBuildPhase section */

/* Begin PBXGroup section */
		A3008009244CBE1B00B98F75 = {
			isa = PBXGroup;
			children = (
				A3008014244CBE1C00B98F75 /* ActionsAndOutlets */,
				A3008013244CBE1C00B98F75 /* Products */,
			);
			sourceTree = "<group>";
		};
		A3008013244CBE1C00B98F75 /* Products */ = {
			isa = PBXGroup;
			children = (
				A3008012244CBE1C00B98F75 /* ActionsAndOutlets.app */,
			);
			name = Products;
			sourceTree = "<group>";
		};
		A3008014244CBE1C00B98F75 /* ActionsAndOutlets */ = {
			isa = PBXGroup;
			children = (
				A3008015244CBE1C00B98F75 /* AppDelegate.swift */,
				A3008017244CBE1C00B98F75 /* SceneDelegate.swift */,
				A3008019244CBE1C00B98F75 /* ViewController.swift */,
				A300801B244CBE1C00B98F75 /* Main.storyboard */,
				A3008021244CBE1E00B98F75 /* Assets.xcassets */,
				A3008023244CBE1E00B98F75 /* LaunchScreen.storyboard */,
				A3008026244CBE1E00B98F75 /* Info.plist */,
				A300801E244CBE1C00B98F75 /* ActionsAndOutlets.xcdatamodeld */,
			);
			path = ActionsAndOutlets;
			sourceTree = "<group>";
		};
/* End PBXGroup section */

/* Begin PBXNativeTarget section */
		A3008011244CBE1C00B98F75 /* ActionsAndOutlets */ = {
			isa = PBXNativeTarget;
			buildConfigurationList = A3008029244CBE1E00B98F75 /* Build configuration list for PBXNativeTarget "ActionsAndOutlets" */;
			buildPhases = (
				A300800E244CBE1C00B98F75 /* Sources */,
				A300800F244CBE1C00B98F75 /* Frameworks */,
				A3008010244CBE1C00B98F75 /* Resources */,
			);
			buildRules = (
			);
			dependencies = (
			);
			name = ActionsAndOutlets;
			productName = ActionsAndOutlets;
			productReference = A3008012244CBE1C00B98F75 /* ActionsAndOutlets.app */;
			productType = "com.apple.product-type.application";
		};
/* End PBXNativeTarget section */

/* Begin PBXProject section */
		A300800A244CBE1B00B98F75 /* Project object */ = {
			isa = PBXProject;
			attributes = {
				LastSwiftUpdateCheck = 1130;
				LastUpgradeCheck = 1130;
				ORGANIZATIONNAME = "ERIC SMITH";
				TargetAttributes = {
					A3008011244CBE1C00B98F75 = {
						CreatedOnToolsVersion = 11.3.1;
					};
				};
			};
			buildConfigurationList = A300800D244CBE1B00B98F75 /* Build configuration list for PBXProject "ActionsAndOutlets" */;
			compatibilityVersion = "Xcode 9.3";
			developmentRegion = en;
			hasScannedForEncodings = 0;
			knownRegions = (
				en,
				Base,
			);
			mainGroup = A3008009244CBE1B00B98F75;
			productRefGroup = A3008013244CBE1C00B98F75 /* Products */;
			projectDirPath = "";
			projectRoot = "";
			targets = (
				A3008011244CBE1C00B98F75 /* ActionsAndOutlets */,
			);
		};
/* End PBXProject section */

/* Begin PBXResourcesBuildPhase section */
		A3008010244CBE1C00B98F75 /* Resources */ = {
			isa = PBXResourcesBuildPhase;
			buildActionMask = 2147483647;
			files = (
				A3008025244CBE1E00B98F75 /* LaunchScreen.storyboard in Resources */,
				A3008022244CBE1E00B98F75 /* Assets.xcassets in Resources */,
				A300801D244CBE1C00B98F75 /* Main.storyboard in Resources */,
			);
			runOnlyForDeploymentPostprocessing = 0;
		};
/* End PBXResourcesBuildPhase section */

/* Begin PBXSourcesBuildPhase section */
		A300800E244CBE1C00B98F75 /* Sources */ = {
			isa = PBXSourcesBuildPhase;
			buildActionMask = 2147483647;
			files = (
				A300801A244CBE1C00B98F75 /* ViewController.swift in Sources */,
				A3008016244CBE1C00B98F75 /* AppDelegate.swift in Sources */,
				A3008020244CBE1C00B98F75 /* ActionsAndOutlets.xcdatamodeld in Sources */,
				A3008018244CBE1C00B98F75 /* SceneDelegate.swift in Sources */,
			);
			runOnlyForDeploymentPostprocessing = 0;
		};
/* End PBXSourcesBuildPhase section */

/* Begin PBXVariantGroup section */
		A300801B244CBE1C00B98F75 /* Main.storyboard */ = {
			isa = PBXVariantGroup;
			children = (
				A300801C244CBE1C00B98F75 /* Base */,
			);
			name = Main.storyboard;
			sourceTree = "<group>";
		};
		A3008023244CBE1E00B98F75 /* LaunchScreen.storyboard */ = {
			isa = PBXVariantGroup;
			children = (
				A3008024244CBE1E00B98F75 /* Base */,
			);
			name = LaunchScreen.storyboard;
			sourceTree = "<group>";
		};
/* End PBXVariantGroup section */

/* Begin XCBuildConfiguration section */
		A3008027244CBE1E00B98F75 /* Debug */ = {
			isa = XCBuildConfiguration;
			buildSettings = {
				ALWAYS_SEARCH_USER_PATHS = NO;
				CLANG_ANALYZER_NONNULL = YES;
				CLANG_ANALYZER_NUMBER_OBJECT_CONVERSION = YES_AGGRESSIVE;
				CLANG_CXX_LANGUAGE_STANDARD = "gnu++14";
				CLANG_CXX_LIBRARY = "libc++";
				CLANG_ENABLE_MODULES = YES;
				CLANG_ENABLE_OBJC_ARC = YES;
				CLANG_ENABLE_OBJC_WEAK = YES;
				CLANG_WARN_BLOCK_CAPTURE_AUTORELEASING = YES;
				CLANG_WARN_BOOL_CONVERSION = YES;
				CLANG_WARN_COMMA = YES;
				CLANG_WARN_CONSTANT_CONVERSION = YES;
				CLANG_WARN_DEPRECATED_OBJC_IMPLEMENTATIONS = YES;
				CLANG_WARN_DIRECT_OBJC_ISA_USAGE = YES_ERROR;
				CLANG_WARN_DOCUMENTATION_COMMENTS = YES;
				CLANG_WARN_EMPTY_BODY = YES;
				CLANG_WARN_ENUM_CONVERSION = YES;
				CLANG_WARN_INFINITE_RECURSION = YES;
				CLANG_WARN_INT_CONVERSION = YES;
				CLANG_WARN_NON_LITERAL_NULL_CONVERSION = YES;
				CLANG_WARN_OBJC_IMPLICIT_RETAIN_SELF = YES;
				CLANG_WARN_OBJC_LITERAL_CONVERSION = YES;
				CLANG_WARN_OBJC_ROOT_CLASS = YES_ERROR;
				CLANG_WARN_RANGE_LOOP_ANALYSIS = YES;
				CLANG_WARN_STRICT_PROTOTYPES = YES;
				CLANG_WARN_SUSPICIOUS_MOVE = YES;
				CLANG_WARN_UNGUARDED_AVAILABILITY = YES_AGGRESSIVE;
				CLANG_WARN_UNREACHABLE_CODE = YES;
				CLANG_WARN__DUPLICATE_METHOD_MATCH = YES;
				COPY_PHASE_STRIP = NO;
				DEBUG_INFORMATION_FORMAT = dwarf;
				ENABLE_STRICT_OBJC_MSGSEND = YES;
				ENABLE_TESTABILITY = YES;
				GCC_C_LANGUAGE_STANDARD = gnu11;
				GCC_DYNAMIC_NO_PIC = NO;
				GCC_NO_COMMON_BLOCKS = YES;
				GCC_OPTIMIZATION_LEVEL = 0;
				GCC_PREPROCESSOR_DEFINITIONS = (
					"DEBUG=1",
					"$(inherited)",
				);
				GCC_WARN_64_TO_32_BIT_CONVERSION = YES;
				GCC_WARN_ABOUT_RETURN_TYPE = YES_ERROR;
				GCC_WARN_UNDECLARED_SELECTOR = YES;
				GCC_WARN_UNINITIALIZED_AUTOS = YES_AGGRESSIVE;
				GCC_WARN_UNUSED_FUNCTION = YES;
				GCC_WARN_UNUSED_VARIABLE = YES;
				IPHONEOS_DEPLOYMENT_TARGET = 13.2;
				MTL_ENABLE_DEBUG_INFO = INCLUDE_SOURCE;
				MTL_FAST_MATH = YES;
				ONLY_ACTIVE_ARCH = YES;
				SDKROOT = iphoneos;
				SWIFT_ACTIVE_COMPILATION_CONDITIONS = DEBUG;
				SWIFT_OPTIMIZATION_LEVEL = "-Onone";
			};
			name = Debug;
		};
		A3008028244CBE1E00B98F75 /* Release */ = {
			isa = XCBuildConfiguration;
			buildSettings = {
				ALWAYS_SEARCH_USER_PATHS = NO;
				CLANG_ANALYZER_NONNULL = YES;
				CLANG_ANALYZER_NUMBER_OBJECT_CONVERSION = YES_AGGRESSIVE;
				CLANG_CXX_LANGUAGE_STANDARD = "gnu++14";
				CLANG_CXX_LIBRARY = "libc++";
				CLANG_ENABLE_MODULES = YES;
				CLANG_ENABLE_OBJC_ARC = YES;
				CLANG_ENABLE_OBJC_WEAK = YES;
				CLANG_WARN_BLOCK_CAPTURE_AUTORELEASING = YES;
				CLANG_WARN_BOOL_CONVERSION = YES;
				CLANG_WARN_COMMA = YES;
				CLANG_WARN_CONSTANT_CONVERSION = YES;
				CLANG_WARN_DEPRECATED_OBJC_IMPLEMENTATIONS = YES;
				CLANG_WARN_DIRECT_OBJC_ISA_USAGE = YES_ERROR;
				CLANG_WARN_DOCUMENTATION_COMMENTS = YES;
				CLANG_WARN_EMPTY_BODY = YES;
				CLANG_WARN_ENUM_CONVERSION = YES;
				CLANG_WARN_INFINITE_RECURSION = YES;
				CLANG_WARN_INT_CONVERSION = YES;
				CLANG_WARN_NON_LITERAL_NULL_CONVERSION = YES;
				CLANG_WARN_OBJC_IMPLICIT_RETAIN_SELF = YES;
				CLANG_WARN_OBJC_LITERAL_CONVERSION = YES;
				CLANG_WARN_OBJC_ROOT_CLASS = YES_ERROR;
				CLANG_WARN_RANGE_LOOP_ANALYSIS = YES;
				CLANG_WARN_STRICT_PROTOTYPES = YES;
				CLANG_WARN_SUSPICIOUS_MOVE = YES;
				CLANG_WARN_UNGUARDED_AVAILABILITY = YES_AGGRESSIVE;
				CLANG_WARN_UNREACHABLE_CODE = YES;
				CLANG_WARN__DUPLICATE_METHOD_MATCH = YES;
				COPY_PHASE_STRIP = NO;
				DEBUG_INFORMATION_FORMAT = "dwarf-with-dsym";
				ENABLE_NS_ASSERTIONS = NO;
				ENABLE_STRICT_OBJC_MSGSEND = YES;
				GCC_C_LANGUAGE_STANDARD = gnu11;
				GCC_NO_COMMON_BLOCKS = YES;
				GCC_WARN_64_TO_32_BIT_CONVERSION = YES;
				GCC_WARN_ABOUT_RETURN_TYPE = YES_ERROR;
				GCC_WARN_UNDECLARED_SELECTOR = YES;
				GCC_WARN_UNINITIALIZED_AUTOS = YES_AGGRESSIVE;
				GCC_WARN_UNUSED_FUNCTION = YES;
				GCC_WARN_UNUSED_VARIABLE = YES;
				IPHONEOS_DEPLOYMENT_TARGET = 13.2;
				MTL_ENABLE_DEBUG_INFO = NO;
				MTL_FAST_MATH = YES;
				SDKROOT = iphoneos;
				SWIFT_COMPILATION_MODE = wholemodule;
				SWIFT_OPTIMIZATION_LEVEL = "-O";
				VALIDATE_PRODUCT = YES;
			};
			name = Release;
		};
		A300802A244CBE1E00B98F75 /* Debug */ = {
			isa = XCBuildConfiguration;
			buildSettings = {
				ASSETCATALOG_COMPILER_APPICON_NAME = AppIcon;
				CODE_SIGN_STYLE = Automatic;
				INFOPLIST_FILE = ActionsAndOutlets/Info.plist;
				LD_RUNPATH_SEARCH_PATHS = (
					"$(inherited)",
					"@executable_path/Frameworks",
				);
				PRODUCT_BUNDLE_IDENTIFIER = KWK2020.ActionsAndOutlets;
				PRODUCT_NAME = "$(TARGET_NAME)";
				SWIFT_VERSION = 5.0;
				TARGETED_DEVICE_FAMILY = "1,2";
			};
			name = Debug;
		};
		A300802B244CBE1E00B98F75 /* Release */ = {
			isa = XCBuildConfiguration;
			buildSettings = {
				ASSETCATALOG_COMPILER_APPICON_NAME = AppIcon;
				CODE_SIGN_STYLE = Automatic;
				INFOPLIST_FILE = ActionsAndOutlets/Info.plist;
				LD_RUNPATH_SEARCH_PATHS = (
					"$(inherited)",
					"@executable_path/Frameworks",
				);
				PRODUCT_BUNDLE_IDENTIFIER = KWK2020.ActionsAndOutlets;
				PRODUCT_NAME = "$(TARGET_NAME)";
				SWIFT_VERSION = 5.0;
				TARGETED_DEVICE_FAMILY = "1,2";
			};
			name = Release;
		};
/* End XCBuildConfiguration section */

/* Begin XCConfigurationList section */
		A300800D244CBE1B00B98F75 /* Build configuration list for PBXProject "ActionsAndOutlets" */ = {
			isa = XCConfigurationList;
			buildConfigurations = (
				A3008027244CBE1E00B98F75 /* Debug */,
				A3008028244CBE1E00B98F75 /* Release */,
			);
			defaultConfigurationIsVisible = 0;
			defaultConfigurationName = Release;
		};
		A3008029244CBE1E00B98F75 /* Build configuration list for PBXNativeTarget "ActionsAndOutlets" */ = {
			isa = XCConfigurationList;
			buildConfigurations = (
				A300802A244CBE1E00B98F75 /* Debug */,
				A300802B244CBE1E00B98F75 /* Release */,
			);
			defaultConfigurationIsVisible = 0;
			defaultConfigurationName = Release;
		};
/* End XCConfigurationList section */

/* Begin XCVersionGroup section */
		A300801E244CBE1C00B98F75 /* ActionsAndOutlets.xcdatamodeld */ = {
			isa = XCVersionGroup;
			children = (
				A300801F244CBE1C00B98F75 /* ActionsAndOutlets.xcdatamodel */,
			);
			currentVersion = A300801F244CBE1C00B98F75 /* ActionsAndOutlets.xcdatamodel */;
			path = ActionsAndOutlets.xcdatamodeld;
			sourceTree = "<group>";
			versionGroupType = wrapper.xcdatamodel;
		};
/* End XCVersionGroup section */
	};
	rootObject = A300800A244CBE1B00B98F75 /* Project object */;
}
